
Microsoft Visual Studio Solution File, Format Version 12.00
# Visual Studio Version 17
VisualStudioVersion = 17.1.32203.90
MinimumVisualStudioVersion = 10.0.40219.1
Project("{FAE04EC0-301F-11D3-BF4B-00C04F79EFBC}") = "WebApplication6", "WebApplication6\WebApplication6.csproj", "{DF4DE588-BCC9-45B2-8D2B-77E24361004D}"
EndProject
Global
	GlobalSection(SolutionConfigurationPlatforms) = preSolution
		Debug|Any CPU = Debug|Any CPU
		Release|Any CPU = Release|Any CPU
	EndGlobalSection
	GlobalSection(ProjectConfigurationPlatforms) = postSolution
		{DF4DE588-BCC9-45B2-8D2B-77E24361004D}.Debug|Any CPU.ActiveCfg = Debug|Any CPU
		{DF4DE588-BCC9-45B2-8D2B-77E24361004D}.Debug|Any CPU.Build.0 = Debug|Any CPU
		{DF4DE588-BCC9-45B2-8D2B-77E24361004D}.Release|Any CPU.ActiveCfg = Release|Any CPU
		{DF4DE588-BCC9-45B2-8D2B-77E24361004D}.Release|Any CPU.Build.0 = Release|Any CPU
	EndGlobalSection
	GlobalSection(SolutionProperties) = preSolution
		HideSolutionNode = FALSE
	EndGlobalSection
	GlobalSection(ExtensibilityGlobals) = postSolution
		SolutionGuid = {23BE847C-130C-401B-BE1D-AD4A2ECF01F5}
	EndGlobalSection
EndGlobal
